
Microsoft Visual Studio Solution File, Format Version 12.00
# Visual Studio Version 16
VisualStudioVersion = 16.0.29025.244
MinimumVisualStudioVersion = 10.0.40219.1
Project("{FAE04EC0-301F-11D3-BF4B-00C04F79EFBC}") = "Pool", "Pool\Pool.csproj", "{ED0795C6-1E76-4D03-BB5C-82AE680A066E}"
EndProject
Global
	GlobalSection(SolutionConfigurationPlatforms) = preSolution
		Debug|Any CPU = Debug|Any CPU
		Release|Any CPU = Release|Any CPU
	EndGlobalSection
	GlobalSection(ProjectConfigurationPlatforms) = postSolution
		{ED0795C6-1E76-4D03-BB5C-82AE680A066E}.Debug|Any CPU.ActiveCfg = Debug|Any CPU
		{ED0795C6-1E76-4D03-BB5C-82AE680A066E}.Debug|Any CPU.Build.0 = Debug|Any CPU
		{ED0795C6-1E76-4D03-BB5C-82AE680A066E}.Release|Any CPU.ActiveCfg = Release|Any CPU
		{ED0795C6-1E76-4D03-BB5C-82AE680A066E}.Release|Any CPU.Build.0 = Release|Any CPU
	EndGlobalSection
	GlobalSection(SolutionProperties) = preSolution
		HideSolutionNode = FALSE
	EndGlobalSection
	GlobalSection(ExtensibilityGlobals) = postSolution
		SolutionGuid = {B1B59B05-7DDE-4057-858F-D05B065F9294}
	EndGlobalSection
EndGlobal
